
Microsoft Visual Studio Solution File, Format Version 12.00
# Visual Studio Version 16
VisualStudioVersion = 16.0.29424.173
MinimumVisualStudioVersion = 10.0.40219.1
Project("{888888A0-9F3D-457C-B088-3A5042F75D52}") = "EPL_Playground", "EPL_Playground\EPL_Playground.pyproj", "{35D0B7D8-462F-421A-A8FC-8242D6EFECFA}"
EndProject
Global
	GlobalSection(SolutionConfigurationPlatforms) = preSolution
		Debug|Any CPU = Debug|Any CPU
		Release|Any CPU = Release|Any CPU
	EndGlobalSection
	GlobalSection(ProjectConfigurationPlatforms) = postSolution
		{35D0B7D8-462F-421A-A8FC-8242D6EFECFA}.Debug|Any CPU.ActiveCfg = Debug|Any CPU
		{35D0B7D8-462F-421A-A8FC-8242D6EFECFA}.Release|Any CPU.ActiveCfg = Release|Any CPU
	EndGlobalSection
	GlobalSection(SolutionProperties) = preSolution
		HideSolutionNode = FALSE
	EndGlobalSection
	GlobalSection(ExtensibilityGlobals) = postSolution
		SolutionGuid = {2C1E7B76-8145-476A-88E1-B2BC083ABED9}
	EndGlobalSection
EndGlobal
